
Microsoft Visual Studio Solution File, Format Version 12.00
# Visual Studio Version 16
VisualStudioVersion = 16.0.30011.22
MinimumVisualStudioVersion = 10.0.40219.1
Project("{FAE04EC0-301F-11D3-BF4B-00C04F79EFBC}") = "C4Z", "C4Z\C4Z.csproj", "{072AF9E1-C84A-4FB2-B6A3-B60AF0DBAEF4}"
EndProject
Global
	GlobalSection(SolutionConfigurationPlatforms) = preSolution
		Debug|Any CPU = Debug|Any CPU
		Release|Any CPU = Release|Any CPU
	EndGlobalSection
	GlobalSection(ProjectConfigurationPlatforms) = postSolution
		{072AF9E1-C84A-4FB2-B6A3-B60AF0DBAEF4}.Debug|Any CPU.ActiveCfg = Debug|Any CPU
		{072AF9E1-C84A-4FB2-B6A3-B60AF0DBAEF4}.Debug|Any CPU.Build.0 = Debug|Any CPU
		{072AF9E1-C84A-4FB2-B6A3-B60AF0DBAEF4}.Release|Any CPU.ActiveCfg = Release|Any CPU
		{072AF9E1-C84A-4FB2-B6A3-B60AF0DBAEF4}.Release|Any CPU.Build.0 = Release|Any CPU
	EndGlobalSection
	GlobalSection(SolutionProperties) = preSolution
		HideSolutionNode = FALSE
	EndGlobalSection
	GlobalSection(ExtensibilityGlobals) = postSolution
		SolutionGuid = {A3240B46-ED00-4A12-B9DA-478E0032B94F}
	EndGlobalSection
EndGlobal
